
Microsoft Visual Studio Solution File, Format Version 12.00
# Visual Studio Version 17
VisualStudioVersion = 17.1.31903.286
MinimumVisualStudioVersion = 10.0.40219.1
Project("{9A19103F-16F7-4668-BE54-9A1E7A4F7556}") = "DotEnv.Core", "src\DotEnv.Core.csproj", "{36C82AC7-5014-4A05-8CE0-CA340E9BD528}"
EndProject
Project("{9A19103F-16F7-4668-BE54-9A1E7A4F7556}") = "DotEnv.Core.Example", "samples\DotEnv.Example\DotEnv.Core.Example.csproj", "{3A660786-7B8F-49EE-97AE-A8891FAAAE95}"
EndProject
Project("{9A19103F-16F7-4668-BE54-9A1E7A4F7556}") = "DotEnv.Core.Tests", "tests\DotEnv.Core.Tests.csproj", "{1F5B9257-48EF-4B89-B431-2D6389E30A11}"
EndProject
Project("{2150E333-8FDC-42A3-9474-1A3956D46DE8}") = "Solution Elements", "Solution Elements", "{2D684F32-79A1-4904-A921-204D88EB2F48}"
	ProjectSection(SolutionItems) = preProject
		Directory.Packages.props = Directory.Packages.props
	EndProjectSection
EndProject
Global
	GlobalSection(SolutionConfigurationPlatforms) = preSolution
		Debug|Any CPU = Debug|Any CPU
		Release|Any CPU = Release|Any CPU
	EndGlobalSection
	GlobalSection(ProjectConfigurationPlatforms) = postSolution
		{36C82AC7-5014-4A05-8CE0-CA340E9BD528}.Debug|Any CPU.ActiveCfg = Debug|Any CPU
		{36C82AC7-5014-4A05-8CE0-CA340E9BD528}.Debug|Any CPU.Build.0 = Debug|Any CPU
		{36C82AC7-5014-4A05-8CE0-CA340E9BD528}.Release|Any CPU.ActiveCfg = Release|Any CPU
		{36C82AC7-5014-4A05-8CE0-CA340E9BD528}.Release|Any CPU.Build.0 = Release|Any CPU
		{3A660786-7B8F-49EE-97AE-A8891FAAAE95}.Debug|Any CPU.ActiveCfg = Debug|Any CPU
		{3A660786-7B8F-49EE-97AE-A8891FAAAE95}.Debug|Any CPU.Build.0 = Debug|Any CPU
		{3A660786-7B8F-49EE-97AE-A8891FAAAE95}.Release|Any CPU.ActiveCfg = Release|Any CPU
		{3A660786-7B8F-49EE-97AE-A8891FAAAE95}.Release|Any CPU.Build.0 = Release|Any CPU
		{1F5B9257-48EF-4B89-B431-2D6389E30A11}.Debug|Any CPU.ActiveCfg = Debug|Any CPU
		{1F5B9257-48EF-4B89-B431-2D6389E30A11}.Debug|Any CPU.Build.0 = Debug|Any CPU
		{1F5B9257-48EF-4B89-B431-2D6389E30A11}.Release|Any CPU.ActiveCfg = Release|Any CPU
		{1F5B9257-48EF-4B89-B431-2D6389E30A11}.Release|Any CPU.Build.0 = Release|Any CPU
	EndGlobalSection
	GlobalSection(SolutionProperties) = preSolution
		HideSolutionNode = FALSE
	EndGlobalSection
	GlobalSection(ExtensibilityGlobals) = postSolution
		SolutionGuid = {DADE2FE0-EA2C-41E8-B91E-2A5F19EAAD87}
	EndGlobalSection
EndGlobal
